// !$*UTF8*$!
{
	archiveVersion = 1;
	classes = {
	};
	objectVersion = 46;
	objects = {

/* Begin PBXBuildFile section */
		030D0BEA1CF0AF68004F805C /* main.m in Sources */ = {isa = PBXBuildFile; fileRef = 030D0BE91CF0AF68004F805C /* main.m */; };
		030D0BED1CF0AF68004F805C /* AppDelegate.m in Sources */ = {isa = PBXBuildFile; fileRef = 030D0BEC1CF0AF68004F805C /* AppDelegate.m */; };
		030D0BF01CF0AF68004F805C /* ViewController.m in Sources */ = {isa = PBXBuildFile; fileRef = 030D0BEF1CF0AF68004F805C /* ViewController.m */; };
		030D0BF31CF0AF68004F805C /* Main.storyboard in Resources */ = {isa = PBXBuildFile; fileRef = 030D0BF11CF0AF68004F805C /* Main.storyboard */; };
		030D0BF51CF0AF68004F805C /* Assets.xcassets in Resources */ = {isa = PBXBuildFile; fileRef = 030D0BF41CF0AF68004F805C /* Assets.xcassets */; };
		030D0BF81CF0AF68004F805C /* LaunchScreen.storyboard in Resources */ = {isa = PBXBuildFile; fileRef = 030D0BF61CF0AF68004F805C /* LaunchScreen.storyboard */; };
/* End PBXBuildFile section */

/* Begin PBXFileReference section */
		030D0BE51CF0AF68004F805C /* KLStatusBarHUD.app */ = {isa = PBXFileReference; explicitFileType = wrapper.application; includeInIndex = 0; path = KLStatusBarHUD.app; sourceTree = BUILT_PRODUCTS_DIR; };
		030D0BE91CF0AF68004F805C /* main.m */ = {isa = PBXFileReference; lastKnownFileType = sourcecode.c.objc; path = main.m; sourceTree = "<group>"; };
		030D0BEB1CF0AF68004F805C /* AppDelegate.h */ = {isa = PBXFileReference; lastKnownFileType = sourcecode.c.h; path = AppDelegate.h; sourceTree = "<group>"; };
		030D0BEC1CF0AF68004F805C /* AppDelegate.m */ = {isa = PBXFileReference; lastKnownFileType = sourcecode.c.objc; path = AppDelegate.m; sourceTree = "<group>"; };
		030D0BEE1CF0AF68004F805C /* ViewController.h */ = {isa = PBXFileReference; lastKnownFileType = sourcecode.c.h; path = ViewController.h; sourceTree = "<group>"; };
		030D0BEF1CF0AF68004F805C /* ViewController.m */ = {isa = PBXFileReference; lastKnownFileType = sourcecode.c.objc; path = ViewController.m; sourceTree = "<group>"; };
		030D0BF21CF0AF68004F805C /* Base */ = {isa = PBXFileReference; lastKnownFileType = file.storyboard; name = Base; path = Base.lproj/Main.storyboard; sourceTree = "<group>"; };
		030D0BF41CF0AF68004F805C /* Assets.xcassets */ = {isa = PBXFileReference; lastKnownFileType = folder.assetcatalog; path = Assets.xcassets; sourceTree = "<group>"; };
		030D0BF71CF0AF68004F805C /* Base */ = {isa = PBXFileReference; lastKnownFileType = file.storyboard; name = Base; path = Base.lproj/LaunchScreen.storyboard; sourceTree = "<group>"; };
		030D0BF91CF0AF68004F805C /* Info.plist */ = {isa = PBXFileReference; lastKnownFileType = text.plist.xml; path = Info.plist; sourceTree = "<group>"; };
/* End PBXFileReference section */

/* Begin PBXFrameworksBuildPhase section */
		030D0BE21CF0AF68004F805C /* Frameworks */ = {
			isa = PBXFrameworksBuildPhase;
			buildActionMask = 2147483647;
			files = (
			);
			runOnlyForDeploymentPostprocessing = 0;
		};
/* End PBXFrameworksBuildPhase section */

/* Begin PBXGroup section */
		030D0BDC1CF0AF68004F805C = {
			isa = PBXGroup;
			children = (
				030D0BE71CF0AF68004F805C /* KLStatusBarHUD */,
				030D0BE61CF0AF68004F805C /* Products */,
			);
			sourceTree = "<group>";
		};
		030D0BE61CF0AF68004F805C /* Products */ = {
			isa = PBXGroup;
			children = (
				030D0BE51CF0AF68004F805C /* KLStatusBarHUD.app */,
			);
			name = Products;
			sourceTree = "<group>";
		};
		030D0BE71CF0AF68004F805C /* KLStatusBarHUD */ = {
			isa = PBXGroup;
			children = (
				030D0BEB1CF0AF68004F805C /* AppDelegate.h */,
				030D0BEC1CF0AF68004F805C /* AppDelegate.m */,
				030D0BEE1CF0AF68004F805C /* ViewController.h */,
				030D0BEF1CF0AF68004F805C /* ViewController.m */,
				030D0BF11CF0AF68004F805C /* Main.storyboard */,
				030D0BF41CF0AF68004F805C /* Assets.xcassets */,
				030D0BF61CF0AF68004F805C /* LaunchScreen.storyboard */,
				030D0BF91CF0AF68004F805C /* Info.plist */,
				030D0BE81CF0AF68004F805C /* Supporting Files */,
			);
			path = KLStatusBarHUD;
			sourceTree = "<group>";
		};
		030D0BE81CF0AF68004F805C /* Supporting Files */ = {
			isa = PBXGroup;
			children = (
				030D0BE91CF0AF68004F805C /* main.m */,
			);
			name = "Supporting Files";
			sourceTree = "<group>";
		};
/* End PBXGroup section */

/* Begin PBXNativeTarget section */
		030D0BE41CF0AF68004F805C /* KLStatusBarHUD */ = {
			isa = PBXNativeTarget;
			buildConfigurationList = 030D0BFC1CF0AF68004F805C /* Build configuration list for PBXNativeTarget "KLStatusBarHUD" */;
			buildPhases = (
				030D0BE11CF0AF68004F805C /* Sources */,
				030D0BE21CF0AF68004F805C /* Frameworks */,
				030D0BE31CF0AF68004F805C /* Resources */,
			);
			buildRules = (
			);
			dependencies = (
			);
			name = KLStatusBarHUD;
			productName = KLStatusBarHUD;
			productReference = 030D0BE51CF0AF68004F805C /* KLStatusBarHUD.app */;
			productType = "com.apple.product-type.application";
		};
/* End PBXNativeTarget section */

/* Begin PBXProject section */
		030D0BDD1CF0AF68004F805C /* Project object */ = {
			isa = PBXProject;
			attributes = {
				LastUpgradeCheck = 0730;
				ORGANIZATIONNAME = "龙飞舞";
				TargetAttributes = {
					030D0BE41CF0AF68004F805C = {
						CreatedOnToolsVersion = 7.3;
						DevelopmentTeam = 6JRTF7JDHU;
					};
				};
			};
			buildConfigurationList = 030D0BE01CF0AF68004F805C /* Build configuration list for PBXProject "KLStatusBarHUD" */;
			compatibilityVersion = "Xcode 3.2";
			developmentRegion = English;
			hasScannedForEncodings = 0;
			knownRegions = (
				en,
				Base,
			);
			mainGroup = 030D0BDC1CF0AF68004F805C;
			productRefGroup = 030D0BE61CF0AF68004F805C /* Products */;
			projectDirPath = "";
			projectRoot = "";
			targets = (
				030D0BE41CF0AF68004F805C /* KLStatusBarHUD */,
			);
		};
/* End PBXProject section */

/* Begin PBXResourcesBuildPhase section */
		030D0BE31CF0AF68004F805C /* Resources */ = {
			isa = PBXResourcesBuildPhase;
			buildActionMask = 2147483647;
			files = (
				030D0BF81CF0AF68004F805C /* LaunchScreen.storyboard in Resources */,
				030D0BF51CF0AF68004F805C /* Assets.xcassets in Resources */,
				030D0BF31CF0AF68004F805C /* Main.storyboard in Resources */,
			);
			runOnlyForDeploymentPostprocessing = 0;
		};
/* End PBXResourcesBuildPhase section */

/* Begin PBXSourcesBuildPhase section */
		030D0BE11CF0AF68004F805C /* Sources */ = {
			isa = PBXSourcesBuildPhase;
			buildActionMask = 2147483647;
			files = (
				030D0BF01CF0AF68004F805C /* ViewController.m in Sources */,
				030D0BED1CF0AF68004F805C /* AppDelegate.m in Sources */,
				030D0BEA1CF0AF68004F805C /* main.m in Sources */,
			);
			runOnlyForDeploymentPostprocessing = 0;
		};
/* End PBXSourcesBuildPhase section */

/* Begin PBXVariantGroup section */
		030D0BF11CF0AF68004F805C /* Main.storyboard */ = {
			isa = PBXVariantGroup;
			children = (
				030D0BF21CF0AF68004F805C /* Base */,
			);
			name = Main.storyboard;
			sourceTree = "<group>";
		};
		030D0BF61CF0AF68004F805C /* LaunchScreen.storyboard */ = {
			isa = PBXVariantGroup;
			children = (
				030D0BF71CF0AF68004F805C /* Base */,
			);
			name = LaunchScreen.storyboard;
			sourceTree = "<group>";
		};
/* End PBXVariantGroup section */

/* Begin XCBuildConfiguration section */
		030D0BFA1CF0AF68004F805C /* Debug */ = {
			isa = XCBuildConfiguration;
			buildSettings = {
				ALWAYS_SEARCH_USER_PATHS = NO;
				CLANG_ANALYZER_NONNULL = YES;
				CLANG_CXX_LANGUAGE_STANDARD = "gnu++0x";
				CLANG_CXX_LIBRARY = "libc++";
				CLANG_ENABLE_MODULES = YES;
				CLANG_ENABLE_OBJC_ARC = YES;
				CLANG_WARN_BOOL_CONVERSION = YES;
				CLANG_WARN_CONSTANT_CONVERSION = YES;
				CLANG_WARN_DIRECT_OBJC_ISA_USAGE = YES_ERROR;
				CLANG_WARN_EMPTY_BODY = YES;
				CLANG_WARN_ENUM_CONVERSION = YES;
				CLANG_WARN_INT_CONVERSION = YES;
				CLANG_WARN_OBJC_ROOT_CLASS = YES_ERROR;
				CLANG_WARN_UNREACHABLE_CODE = YES;
				CLANG_WARN__DUPLICATE_METHOD_MATCH = YES;
				"CODE_SIGN_IDENTITY[sdk=iphoneos*]" = "iPhone Developer";
				COPY_PHASE_STRIP = NO;
				DEBUG_INFORMATION_FORMAT = dwarf;
				ENABLE_STRICT_OBJC_MSGSEND = YES;
				ENABLE_TESTABILITY = YES;
				GCC_C_LANGUAGE_STANDARD = gnu99;
				GCC_DYNAMIC_NO_PIC = NO;
				GCC_NO_COMMON_BLOCKS = YES;
				GCC_OPTIMIZATION_LEVEL = 0;
				GCC_PREPROCESSOR_DEFINITIONS = (
					"DEBUG=1",
					"$(inherited)",
				);
				GCC_WARN_64_TO_32_BIT_CONVERSION = YES;
				GCC_WARN_ABOUT_RETURN_TYPE = YES_ERROR;
				GCC_WARN_UNDECLARED_SELECTOR = YES;
				GCC_WARN_UNINITIALIZED_AUTOS = YES_AGGRESSIVE;
				GCC_WARN_UNUSED_FUNCTION = YES;
				GCC_WARN_UNUSED_VARIABLE = YES;
				IPHONEOS_DEPLOYMENT_TARGET = 9.3;
				MTL_ENABLE_DEBUG_INFO = YES;
				ONLY_ACTIVE_ARCH = YES;
				SDKROOT = iphoneos;
			};
			name = Debug;
		};
		030D0BFB1CF0AF68004F805C /* Release */ = {
			isa = XCBuildConfiguration;
			buildSettings = {
				ALWAYS_SEARCH_USER_PATHS = NO;
				CLANG_ANALYZER_NONNULL = YES;
				CLANG_CXX_LANGUAGE_STANDARD = "gnu++0x";
				CLANG_CXX_LIBRARY = "libc++";
				CLANG_ENABLE_MODULES = YES;
				CLANG_ENABLE_OBJC_ARC = YES;
				CLANG_WARN_BOOL_CONVERSION = YES;
				CLANG_WARN_CONSTANT_CONVERSION = YES;
				CLANG_WARN_DIRECT_OBJC_ISA_USAGE = YES_ERROR;
				CLANG_WARN_EMPTY_BODY = YES;
				CLANG_WARN_ENUM_CONVERSION = YES;
				CLANG_WARN_INT_CONVERSION = YES;
				CLANG_WARN_OBJC_ROOT_CLASS = YES_ERROR;
				CLANG_WARN_UNREACHABLE_CODE = YES;
				CLANG_WARN__DUPLICATE_METHOD_MATCH = YES;
				"CODE_SIGN_IDENTITY[sdk=iphoneos*]" = "iPhone Developer";
				COPY_PHASE_STRIP = NO;
				DEBUG_INFORMATION_FORMAT = "dwarf-with-dsym";
				ENABLE_NS_ASSERTIONS = NO;
				ENABLE_STRICT_OBJC_MSGSEND = YES;
				GCC_C_LANGUAGE_STANDARD = gnu99;
				GCC_NO_COMMON_BLOCKS = YES;
				GCC_WARN_64_TO_32_BIT_CONVERSION = YES;
				GCC_WARN_ABOUT_RETURN_TYPE = YES_ERROR;
				GCC_WARN_UNDECLARED_SELECTOR = YES;
				GCC_WARN_UNINITIALIZED_AUTOS = YES_AGGRESSIVE;
				GCC_WARN_UNUSED_FUNCTION = YES;
				GCC_WARN_UNUSED_VARIABLE = YES;
				IPHONEOS_DEPLOYMENT_TARGET = 9.3;
				MTL_ENABLE_DEBUG_INFO = NO;
				SDKROOT = iphoneos;
				VALIDATE_PRODUCT = YES;
			};
			name = Release;
		};
		030D0BFD1CF0AF68004F805C /* Debug */ = {
			isa = XCBuildConfiguration;
			buildSettings = {
				ASSETCATALOG_COMPILER_APPICON_NAME = AppIcon;
				INFOPLIST_FILE = KLStatusBarHUD/Info.plist;
				LD_RUNPATH_SEARCH_PATHS = "$(inherited) @executable_path/Frameworks";
				PRODUCT_BUNDLE_IDENTIFIER = com.666.KLStatusBarHUD;
				PRODUCT_NAME = "$(TARGET_NAME)";
			};
			name = Debug;
		};
		030D0BFE1CF0AF68004F805C /* Release */ = {
			isa = XCBuildConfiguration;
			buildSettings = {
				ASSETCATALOG_COMPILER_APPICON_NAME = AppIcon;
				INFOPLIST_FILE = KLStatusBarHUD/Info.plist;
				LD_RUNPATH_SEARCH_PATHS = "$(inherited) @executable_path/Frameworks";
				PRODUCT_BUNDLE_IDENTIFIER = com.666.KLStatusBarHUD;
				PRODUCT_NAME = "$(TARGET_NAME)";
			};
			name = Release;
		};
/* End XCBuildConfiguration section */

/* Begin XCConfigurationList section */
		030D0BE01CF0AF68004F805C /* Build configuration list for PBXProject "KLStatusBarHUD" */ = {
			isa = XCConfigurationList;
			buildConfigurations = (
				030D0BFA1CF0AF68004F805C /* Debug */,
				030D0BFB1CF0AF68004F805C /* Release */,
			);
			defaultConfigurationIsVisible = 0;
			defaultConfigurationName = Release;
		};
		030D0BFC1CF0AF68004F805C /* Build configuration list for PBXNativeTarget "KLStatusBarHUD" */ = {
			isa = XCConfigurationList;
			buildConfigurations = (
				030D0BFD1CF0AF68004F805C /* Debug */,
				030D0BFE1CF0AF68004F805C /* Release */,
			);
			defaultConfigurationIsVisible = 0;
		};
/* End XCConfigurationList section */
	};
	rootObject = 030D0BDD1CF0AF68004F805C /* Project object */;
}
